
Microsoft Visual Studio Solution File, Format Version 12.00
# Visual Studio Version 17
VisualStudioVersion = 17.4.33213.308
MinimumVisualStudioVersion = 10.0.40219.1
Project("{FAE04EC0-301F-11D3-BF4B-00C04F79EFBC}") = "SoftwareCodingChallenges", "SoftwareCodingChallenges\SoftwareCodingChallenges.csproj", "{D28150A0-42CF-43F6-AF0C-34D368C7285E}"
EndProject
Global
	GlobalSection(SolutionConfigurationPlatforms) = preSolution
		Debug|Any CPU = Debug|Any CPU
		Release|Any CPU = Release|Any CPU
	EndGlobalSection
	GlobalSection(ProjectConfigurationPlatforms) = postSolution
		{D28150A0-42CF-43F6-AF0C-34D368C7285E}.Debug|Any CPU.ActiveCfg = Debug|Any CPU
		{D28150A0-42CF-43F6-AF0C-34D368C7285E}.Debug|Any CPU.Build.0 = Debug|Any CPU
		{D28150A0-42CF-43F6-AF0C-34D368C7285E}.Release|Any CPU.ActiveCfg = Release|Any CPU
		{D28150A0-42CF-43F6-AF0C-34D368C7285E}.Release|Any CPU.Build.0 = Release|Any CPU
	EndGlobalSection
	GlobalSection(SolutionProperties) = preSolution
		HideSolutionNode = FALSE
	EndGlobalSection
	GlobalSection(ExtensibilityGlobals) = postSolution
		SolutionGuid = {36545BE7-4730-4B34-98E3-BFB5954C68AF}
	EndGlobalSection
EndGlobal
